Microsoft Visual Studio Solution File, Format Version 12.00
# Visual Studio 2012
Project("{FAE04EC0-301F-11D3-BF4B-00C04F79EFBC}") = "water-themed-horror-game", "water-themed-horror-game.csproj", "{15883080-1A06-4E03-B633-2F965726D0BD}"
EndProject
Global
	GlobalSection(SolutionConfigurationPlatforms) = preSolution
	Debug|Any CPU = Debug|Any CPU
	ExportDebug|Any CPU = ExportDebug|Any CPU
	ExportRelease|Any CPU = ExportRelease|Any CPU
	EndGlobalSection
	GlobalSection(ProjectConfigurationPlatforms) = postSolution
		{15883080-1A06-4E03-B633-2F965726D0BD}.Debug|Any CPU.ActiveCfg = Debug|Any CPU
		{15883080-1A06-4E03-B633-2F965726D0BD}.Debug|Any CPU.Build.0 = Debug|Any CPU
		{15883080-1A06-4E03-B633-2F965726D0BD}.ExportDebug|Any CPU.ActiveCfg = ExportDebug|Any CPU
		{15883080-1A06-4E03-B633-2F965726D0BD}.ExportDebug|Any CPU.Build.0 = ExportDebug|Any CPU
		{15883080-1A06-4E03-B633-2F965726D0BD}.ExportRelease|Any CPU.ActiveCfg = ExportRelease|Any CPU
		{15883080-1A06-4E03-B633-2F965726D0BD}.ExportRelease|Any CPU.Build.0 = ExportRelease|Any CPU
	EndGlobalSection
EndGlobal
